// !$*UTF8*$!
{
	archiveVersion = 1;
	classes = {
	};
	objectVersion = 50;
	objects = {

/* Begin PBXBuildFile section */
		C0A00B83256370CB00909EA5 /* main.cpp in Sources */ = {isa = PBXBuildFile; fileRef = C0A00B82256370CB00909EA5 /* main.cpp */; };
		C0A00B952563722B00909EA5 /* libavcodec.a in Frameworks */ = {isa = PBXBuildFile; fileRef = C0A00B8E256371ED00909EA5 /* libavcodec.a */; };
		C0A00B962563722B00909EA5 /* libavdevice.a in Frameworks */ = {isa = PBXBuildFile; fileRef = C0A00B94256371ED00909EA5 /* libavdevice.a */; };
		C0A00B972563722B00909EA5 /* libavfilter.a in Frameworks */ = {isa = PBXBuildFile; fileRef = C0A00B91256371ED00909EA5 /* libavfilter.a */; };
		C0A00B982563722B00909EA5 /* libavformat.a in Frameworks */ = {isa = PBXBuildFile; fileRef = C0A00B93256371ED00909EA5 /* libavformat.a */; };
		C0A00B992563722B00909EA5 /* libavutil.a in Frameworks */ = {isa = PBXBuildFile; fileRef = C0A00B90256371ED00909EA5 /* libavutil.a */; };
		C0A00B9A2563722B00909EA5 /* libpostproc.a in Frameworks */ = {isa = PBXBuildFile; fileRef = C0A00B8D256371ED00909EA5 /* libpostproc.a */; };
		C0A00B9B2563722B00909EA5 /* libswresample.a in Frameworks */ = {isa = PBXBuildFile; fileRef = C0A00B92256371ED00909EA5 /* libswresample.a */; };
		C0A00B9C2563722B00909EA5 /* libswscale.a in Frameworks */ = {isa = PBXBuildFile; fileRef = C0A00B8F256371ED00909EA5 /* libswscale.a */; };
		C0A00BCF25640DDB00909EA5 /* Player.cpp in Sources */ = {isa = PBXBuildFile; fileRef = C0A00BCD25640DDA00909EA5 /* Player.cpp */; };
		C0A00BD82564BEF500909EA5 /* SDLActivity.cpp in Sources */ = {isa = PBXBuildFile; fileRef = C0A00BD62564BEF500909EA5 /* SDLActivity.cpp */; };
		C0A00BE92568FCFF00909EA5 /* FlvPlayer.cpp in Sources */ = {isa = PBXBuildFile; fileRef = C0A00BE72568FCFF00909EA5 /* FlvPlayer.cpp */; };
		C0A00BED25692D3700909EA5 /* SDL2.framework in Frameworks */ = {isa = PBXBuildFile; fileRef = C0A00BC32563C91600909EA5 /* SDL2.framework */; };
/* End PBXBuildFile section */

/* Begin PBXCopyFilesBuildPhase section */
		C0A00B7D256370CB00909EA5 /* CopyFiles */ = {
			isa = PBXCopyFilesBuildPhase;
			buildActionMask = 2147483647;
			dstPath = /usr/share/man/man1/;
			dstSubfolderSpec = 0;
			files = (
			);
			runOnlyForDeploymentPostprocessing = 1;
		};
/* End PBXCopyFilesBuildPhase section */

/* Begin PBXFileReference section */
		C0A00B7F256370CB00909EA5 /* FFmpeg_Example */ = {isa = PBXFileReference; explicitFileType = "compiled.mach-o.executable"; includeInIndex = 0; path = FFmpeg_Example; sourceTree = BUILT_PRODUCTS_DIR; };
		C0A00B82256370CB00909EA5 /* main.cpp */ = {isa = PBXFileReference; lastKnownFileType = sourcecode.cpp.cpp; path = main.cpp; sourceTree = "<group>"; };
		C0A00B8B256371AA00909EA5 /* 4.3.1-with-options_6 */ = {isa = PBXFileReference; lastKnownFileType = folder; name = "4.3.1-with-options_6"; path = "../../../../../usr/local/Cellar/ffmpeg/4.3.1-with-options_6"; sourceTree = "<group>"; };
		C0A00B8C256371C500909EA5 /* lib */ = {isa = PBXFileReference; lastKnownFileType = folder; name = lib; path = "../../../../../usr/local/Cellar/ffmpeg/4.3.1-with-options_6/lib"; sourceTree = "<group>"; };
		C0A00B8D256371ED00909EA5 /* libpostproc.a */ = {isa = PBXFileReference; lastKnownFileType = archive.ar; name = libpostproc.a; path = "../../../../../usr/local/Cellar/ffmpeg/4.3.1-with-options_6/lib/libpostproc.a"; sourceTree = "<group>"; };
		C0A00B8E256371ED00909EA5 /* libavcodec.a */ = {isa = PBXFileReference; lastKnownFileType = archive.ar; name = libavcodec.a; path = "../../../../../usr/local/Cellar/ffmpeg/4.3.1-with-options_6/lib/libavcodec.a"; sourceTree = "<group>"; };
		C0A00B8F256371ED00909EA5 /* libswscale.a */ = {isa = PBXFileReference; lastKnownFileType = archive.ar; name = libswscale.a; path = "../../../../../usr/local/Cellar/ffmpeg/4.3.1-with-options_6/lib/libswscale.a"; sourceTree = "<group>"; };
		C0A00B90256371ED00909EA5 /* libavutil.a */ = {isa = PBXFileReference; lastKnownFileType = archive.ar; name = libavutil.a; path = "../../../../../usr/local/Cellar/ffmpeg/4.3.1-with-options_6/lib/libavutil.a"; sourceTree = "<group>"; };
		C0A00B91256371ED00909EA5 /* libavfilter.a */ = {isa = PBXFileReference; lastKnownFileType = archive.ar; name = libavfilter.a; path = "../../../../../usr/local/Cellar/ffmpeg/4.3.1-with-options_6/lib/libavfilter.a"; sourceTree = "<group>"; };
		C0A00B92256371ED00909EA5 /* libswresample.a */ = {isa = PBXFileReference; lastKnownFileType = archive.ar; name = libswresample.a; path = "../../../../../usr/local/Cellar/ffmpeg/4.3.1-with-options_6/lib/libswresample.a"; sourceTree = "<group>"; };
		C0A00B93256371ED00909EA5 /* libavformat.a */ = {isa = PBXFileReference; lastKnownFileType = archive.ar; name = libavformat.a; path = "../../../../../usr/local/Cellar/ffmpeg/4.3.1-with-options_6/lib/libavformat.a"; sourceTree = "<group>"; };
		C0A00B94256371ED00909EA5 /* libavdevice.a */ = {isa = PBXFileReference; lastKnownFileType = archive.ar; name = libavdevice.a; path = "../../../../../usr/local/Cellar/ffmpeg/4.3.1-with-options_6/lib/libavdevice.a"; sourceTree = "<group>"; };
		C0A00BC32563C91600909EA5 /* SDL2.framework */ = {isa = PBXFileReference; lastKnownFileType = wrapper.framework; path = SDL2.framework; sourceTree = "<group>"; };
		C0A00BCB2563E65E00909EA5 /* bigbuckbunny_480x272.h265 */ = {isa = PBXFileReference; lastKnownFileType = file; path = bigbuckbunny_480x272.h265; sourceTree = "<group>"; };
		C0A00BCD25640DDA00909EA5 /* Player.cpp */ = {isa = PBXFileReference; lastKnownFileType = sourcecode.cpp.cpp; path = Player.cpp; sourceTree = "<group>"; };
		C0A00BCE25640DDA00909EA5 /* Player.hpp */ = {isa = PBXFileReference; lastKnownFileType = sourcecode.cpp.h; path = Player.hpp; sourceTree = "<group>"; };
		C0A00BD62564BEF500909EA5 /* SDLActivity.cpp */ = {isa = PBXFileReference; lastKnownFileType = sourcecode.cpp.cpp; path = SDLActivity.cpp; sourceTree = "<group>"; };
		C0A00BD72564BEF500909EA5 /* SDLActivity.hpp */ = {isa = PBXFileReference; lastKnownFileType = sourcecode.cpp.h; path = SDLActivity.hpp; sourceTree = "<group>"; };
		C0A00BE32568A73100909EA5 /* ret.flv */ = {isa = PBXFileReference; lastKnownFileType = file; path = ret.flv; sourceTree = SOURCE_ROOT; };
		C0A00BE72568FCFF00909EA5 /* FlvPlayer.cpp */ = {isa = PBXFileReference; lastKnownFileType = sourcecode.cpp.cpp; path = FlvPlayer.cpp; sourceTree = "<group>"; };
		C0A00BE82568FCFF00909EA5 /* FlvPlayer.hpp */ = {isa = PBXFileReference; lastKnownFileType = sourcecode.cpp.h; path = FlvPlayer.hpp; sourceTree = "<group>"; };
/* End PBXFileReference section */

/* Begin PBXFrameworksBuildPhase section */
		C0A00B7C256370CB00909EA5 /* Frameworks */ = {
			isa = PBXFrameworksBuildPhase;
			buildActionMask = 2147483647;
			files = (
				C0A00BED25692D3700909EA5 /* SDL2.framework in Frameworks */,
				C0A00B992563722B00909EA5 /* libavutil.a in Frameworks */,
				C0A00B9A2563722B00909EA5 /* libpostproc.a in Frameworks */,
				C0A00B972563722B00909EA5 /* libavfilter.a in Frameworks */,
				C0A00B962563722B00909EA5 /* libavdevice.a in Frameworks */,
				C0A00B9C2563722B00909EA5 /* libswscale.a in Frameworks */,
				C0A00B952563722B00909EA5 /* libavcodec.a in Frameworks */,
				C0A00B9B2563722B00909EA5 /* libswresample.a in Frameworks */,
				C0A00B982563722B00909EA5 /* libavformat.a in Frameworks */,
			);
			runOnlyForDeploymentPostprocessing = 0;
		};
/* End PBXFrameworksBuildPhase section */

/* Begin PBXGroup section */
		C0A00B76256370CB00909EA5 = {
			isa = PBXGroup;
			children = (
				C0A00B81256370CB00909EA5 /* FFmpeg_Example */,
				C0A00B80256370CB00909EA5 /* Products */,
				C0A00B8A256371AA00909EA5 /* Frameworks */,
			);
			sourceTree = "<group>";
		};
		C0A00B80256370CB00909EA5 /* Products */ = {
			isa = PBXGroup;
			children = (
				C0A00B7F256370CB00909EA5 /* FFmpeg_Example */,
			);
			name = Products;
			sourceTree = "<group>";
		};
		C0A00B81256370CB00909EA5 /* FFmpeg_Example */ = {
			isa = PBXGroup;
			children = (
				C0A00BE62568FBD900909EA5 /* flv_decoder */,
				C0A00BDF25689BA900909EA5 /* video */,
				C0A00B82256370CB00909EA5 /* main.cpp */,
				C0A00BCD25640DDA00909EA5 /* Player.cpp */,
				C0A00BCE25640DDA00909EA5 /* Player.hpp */,
				C0A00BD62564BEF500909EA5 /* SDLActivity.cpp */,
				C0A00BD72564BEF500909EA5 /* SDLActivity.hpp */,
			);
			path = FFmpeg_Example;
			sourceTree = "<group>";
		};
		C0A00B8A256371AA00909EA5 /* Frameworks */ = {
			isa = PBXGroup;
			children = (
				C0A00BC32563C91600909EA5 /* SDL2.framework */,
				C0A00B8E256371ED00909EA5 /* libavcodec.a */,
				C0A00B94256371ED00909EA5 /* libavdevice.a */,
				C0A00B91256371ED00909EA5 /* libavfilter.a */,
				C0A00B93256371ED00909EA5 /* libavformat.a */,
				C0A00B90256371ED00909EA5 /* libavutil.a */,
				C0A00B8D256371ED00909EA5 /* libpostproc.a */,
				C0A00B92256371ED00909EA5 /* libswresample.a */,
				C0A00B8F256371ED00909EA5 /* libswscale.a */,
				C0A00B8C256371C500909EA5 /* lib */,
				C0A00B8B256371AA00909EA5 /* 4.3.1-with-options_6 */,
			);
			name = Frameworks;
			sourceTree = "<group>";
		};
		C0A00BDF25689BA900909EA5 /* video */ = {
			isa = PBXGroup;
			children = (
				C0A00BE32568A73100909EA5 /* ret.flv */,
				C0A00BCB2563E65E00909EA5 /* bigbuckbunny_480x272.h265 */,
			);
			path = video;
			sourceTree = "<group>";
		};
		C0A00BE62568FBD900909EA5 /* flv_decoder */ = {
			isa = PBXGroup;
			children = (
				C0A00BE72568FCFF00909EA5 /* FlvPlayer.cpp */,
				C0A00BE82568FCFF00909EA5 /* FlvPlayer.hpp */,
			);
			path = flv_decoder;
			sourceTree = "<group>";
		};
/* End PBXGroup section */

/* Begin PBXNativeTarget section */
		C0A00B7E256370CB00909EA5 /* FFmpeg_Example */ = {
			isa = PBXNativeTarget;
			buildConfigurationList = C0A00B86256370CB00909EA5 /* Build configuration list for PBXNativeTarget "FFmpeg_Example" */;
			buildPhases = (
				C0A00B7B256370CB00909EA5 /* Sources */,
				C0A00B7C256370CB00909EA5 /* Frameworks */,
				C0A00B7D256370CB00909EA5 /* CopyFiles */,
			);
			buildRules = (
			);
			dependencies = (
			);
			name = FFmpeg_Example;
			productName = FFmpeg_Example;
			productReference = C0A00B7F256370CB00909EA5 /* FFmpeg_Example */;
			productType = "com.apple.product-type.tool";
		};
/* End PBXNativeTarget section */

/* Begin PBXProject section */
		C0A00B77256370CB00909EA5 /* Project object */ = {
			isa = PBXProject;
			attributes = {
				KnownAssetTags = (
					New,
				);
				LastUpgradeCheck = 1220;
				TargetAttributes = {
					C0A00B7E256370CB00909EA5 = {
						CreatedOnToolsVersion = 12.2;
					};
				};
			};
			buildConfigurationList = C0A00B7A256370CB00909EA5 /* Build configuration list for PBXProject "FFmpeg_Example" */;
			compatibilityVersion = "Xcode 9.3";
			developmentRegion = en;
			hasScannedForEncodings = 0;
			knownRegions = (
				en,
				Base,
			);
			mainGroup = C0A00B76256370CB00909EA5;
			productRefGroup = C0A00B80256370CB00909EA5 /* Products */;
			projectDirPath = "";
			projectRoot = "";
			targets = (
				C0A00B7E256370CB00909EA5 /* FFmpeg_Example */,
			);
		};
/* End PBXProject section */

/* Begin PBXSourcesBuildPhase section */
		C0A00B7B256370CB00909EA5 /* Sources */ = {
			isa = PBXSourcesBuildPhase;
			buildActionMask = 2147483647;
			files = (
				C0A00BCF25640DDB00909EA5 /* Player.cpp in Sources */,
				C0A00B83256370CB00909EA5 /* main.cpp in Sources */,
				C0A00BD82564BEF500909EA5 /* SDLActivity.cpp in Sources */,
				C0A00BE92568FCFF00909EA5 /* FlvPlayer.cpp in Sources */,
			);
			runOnlyForDeploymentPostprocessing = 0;
		};
/* End PBXSourcesBuildPhase section */

/* Begin XCBuildConfiguration section */
		C0A00B84256370CB00909EA5 /* Debug */ = {
			isa = XCBuildConfiguration;
			buildSettings = {
				ALWAYS_SEARCH_USER_PATHS = NO;
				CLANG_ANALYZER_NONNULL = YES;
				CLANG_ANALYZER_NUMBER_OBJECT_CONVERSION = YES_AGGRESSIVE;
				CLANG_CXX_LANGUAGE_STANDARD = "gnu++14";
				CLANG_CXX_LIBRARY = "libc++";
				CLANG_ENABLE_MODULES = YES;
				CLANG_ENABLE_OBJC_ARC = YES;
				CLANG_ENABLE_OBJC_WEAK = YES;
				CLANG_WARN_BLOCK_CAPTURE_AUTORELEASING = YES;
				CLANG_WARN_BOOL_CONVERSION = YES;
				CLANG_WARN_COMMA = YES;
				CLANG_WARN_CONSTANT_CONVERSION = YES;
				CLANG_WARN_DEPRECATED_OBJC_IMPLEMENTATIONS = YES;
				CLANG_WARN_DIRECT_OBJC_ISA_USAGE = YES_ERROR;
				CLANG_WARN_DOCUMENTATION_COMMENTS = YES;
				CLANG_WARN_EMPTY_BODY = YES;
				CLANG_WARN_ENUM_CONVERSION = YES;
				CLANG_WARN_INFINITE_RECURSION = YES;
				CLANG_WARN_INT_CONVERSION = YES;
				CLANG_WARN_NON_LITERAL_NULL_CONVERSION = YES;
				CLANG_WARN_OBJC_IMPLICIT_RETAIN_SELF = YES;
				CLANG_WARN_OBJC_LITERAL_CONVERSION = YES;
				CLANG_WARN_OBJC_ROOT_CLASS = YES_ERROR;
				CLANG_WARN_QUOTED_INCLUDE_IN_FRAMEWORK_HEADER = YES;
				CLANG_WARN_RANGE_LOOP_ANALYSIS = YES;
				CLANG_WARN_STRICT_PROTOTYPES = YES;
				CLANG_WARN_SUSPICIOUS_MOVE = YES;
				CLANG_WARN_UNGUARDED_AVAILABILITY = YES_AGGRESSIVE;
				CLANG_WARN_UNREACHABLE_CODE = YES;
				CLANG_WARN__DUPLICATE_METHOD_MATCH = YES;
				COPY_PHASE_STRIP = NO;
				DEBUG_INFORMATION_FORMAT = dwarf;
				ENABLE_STRICT_OBJC_MSGSEND = YES;
				ENABLE_TESTABILITY = YES;
				GCC_C_LANGUAGE_STANDARD = gnu11;
				GCC_DYNAMIC_NO_PIC = NO;
				GCC_NO_COMMON_BLOCKS = YES;
				GCC_OPTIMIZATION_LEVEL = 0;
				GCC_PREPROCESSOR_DEFINITIONS = (
					"DEBUG=1",
					"$(inherited)",
				);
				GCC_WARN_64_TO_32_BIT_CONVERSION = YES;
				GCC_WARN_ABOUT_RETURN_TYPE = YES_ERROR;
				GCC_WARN_UNDECLARED_SELECTOR = YES;
				GCC_WARN_UNINITIALIZED_AUTOS = YES_AGGRESSIVE;
				GCC_WARN_UNUSED_FUNCTION = YES;
				GCC_WARN_UNUSED_VARIABLE = YES;
				MACOSX_DEPLOYMENT_TARGET = 10.15;
				MTL_ENABLE_DEBUG_INFO = INCLUDE_SOURCE;
				MTL_FAST_MATH = YES;
				ONLY_ACTIVE_ARCH = YES;
				SDKROOT = macosx;
			};
			name = Debug;
		};
		C0A00B85256370CB00909EA5 /* Release */ = {
			isa = XCBuildConfiguration;
			buildSettings = {
				ALWAYS_SEARCH_USER_PATHS = NO;
				CLANG_ANALYZER_NONNULL = YES;
				CLANG_ANALYZER_NUMBER_OBJECT_CONVERSION = YES_AGGRESSIVE;
				CLANG_CXX_LANGUAGE_STANDARD = "gnu++14";
				CLANG_CXX_LIBRARY = "libc++";
				CLANG_ENABLE_MODULES = YES;
				CLANG_ENABLE_OBJC_ARC = YES;
				CLANG_ENABLE_OBJC_WEAK = YES;
				CLANG_WARN_BLOCK_CAPTURE_AUTORELEASING = YES;
				CLANG_WARN_BOOL_CONVERSION = YES;
				CLANG_WARN_COMMA = YES;
				CLANG_WARN_CONSTANT_CONVERSION = YES;
				CLANG_WARN_DEPRECATED_OBJC_IMPLEMENTATIONS = YES;
				CLANG_WARN_DIRECT_OBJC_ISA_USAGE = YES_ERROR;
				CLANG_WARN_DOCUMENTATION_COMMENTS = YES;
				CLANG_WARN_EMPTY_BODY = YES;
				CLANG_WARN_ENUM_CONVERSION = YES;
				CLANG_WARN_INFINITE_RECURSION = YES;
				CLANG_WARN_INT_CONVERSION = YES;
				CLANG_WARN_NON_LITERAL_NULL_CONVERSION = YES;
				CLANG_WARN_OBJC_IMPLICIT_RETAIN_SELF = YES;
				CLANG_WARN_OBJC_LITERAL_CONVERSION = YES;
				CLANG_WARN_OBJC_ROOT_CLASS = YES_ERROR;
				CLANG_WARN_QUOTED_INCLUDE_IN_FRAMEWORK_HEADER = YES;
				CLANG_WARN_RANGE_LOOP_ANALYSIS = YES;
				CLANG_WARN_STRICT_PROTOTYPES = YES;
				CLANG_WARN_SUSPICIOUS_MOVE = YES;
				CLANG_WARN_UNGUARDED_AVAILABILITY = YES_AGGRESSIVE;
				CLANG_WARN_UNREACHABLE_CODE = YES;
				CLANG_WARN__DUPLICATE_METHOD_MATCH = YES;
				COPY_PHASE_STRIP = NO;
				DEBUG_INFORMATION_FORMAT = "dwarf-with-dsym";
				ENABLE_NS_ASSERTIONS = NO;
				ENABLE_STRICT_OBJC_MSGSEND = YES;
				GCC_C_LANGUAGE_STANDARD = gnu11;
				GCC_NO_COMMON_BLOCKS = YES;
				GCC_WARN_64_TO_32_BIT_CONVERSION = YES;
				GCC_WARN_ABOUT_RETURN_TYPE = YES_ERROR;
				GCC_WARN_UNDECLARED_SELECTOR = YES;
				GCC_WARN_UNINITIALIZED_AUTOS = YES_AGGRESSIVE;
				GCC_WARN_UNUSED_FUNCTION = YES;
				GCC_WARN_UNUSED_VARIABLE = YES;
				MACOSX_DEPLOYMENT_TARGET = 10.15;
				MTL_ENABLE_DEBUG_INFO = NO;
				MTL_FAST_MATH = YES;
				SDKROOT = macosx;
			};
			name = Release;
		};
		C0A00B87256370CB00909EA5 /* Debug */ = {
			isa = XCBuildConfiguration;
			buildSettings = {
				CODE_SIGN_STYLE = Automatic;
				FRAMEWORK_SEARCH_PATHS = (
					"$(inherited)",
					"$(PROJECT_DIR)",
				);
				HEADER_SEARCH_PATHS = (
					"/usr/local/Cellar/ffmpeg/4.3.1-with-options_6/include",
					/Users/bo/coding/03_av/FFmpeg_Example/SDL2.framework/Headers,
				);
				LIBRARY_SEARCH_PATHS = "/usr/local/Cellar/ffmpeg/4.3.1-with-options_6/lib";
				PRODUCT_NAME = "$(TARGET_NAME)";
			};
			name = Debug;
		};
		C0A00B88256370CB00909EA5 /* Release */ = {
			isa = XCBuildConfiguration;
			buildSettings = {
				CODE_SIGN_STYLE = Automatic;
				FRAMEWORK_SEARCH_PATHS = (
					"$(inherited)",
					"$(PROJECT_DIR)",
				);
				HEADER_SEARCH_PATHS = "/usr/local/Cellar/ffmpeg/4.3.1-with-options_6/include";
				LIBRARY_SEARCH_PATHS = "/usr/local/Cellar/ffmpeg/4.3.1-with-options_6/lib";
				PRODUCT_NAME = "$(TARGET_NAME)";
			};
			name = Release;
		};
/* End XCBuildConfiguration section */

/* Begin XCConfigurationList section */
		C0A00B7A256370CB00909EA5 /* Build configuration list for PBXProject "FFmpeg_Example" */ = {
			isa = XCConfigurationList;
			buildConfigurations = (
				C0A00B84256370CB00909EA5 /* Debug */,
				C0A00B85256370CB00909EA5 /* Release */,
			);
			defaultConfigurationIsVisible = 0;
			defaultConfigurationName = Release;
		};
		C0A00B86256370CB00909EA5 /* Build configuration list for PBXNativeTarget "FFmpeg_Example" */ = {
			isa = XCConfigurationList;
			buildConfigurations = (
				C0A00B87256370CB00909EA5 /* Debug */,
				C0A00B88256370CB00909EA5 /* Release */,
			);
			defaultConfigurationIsVisible = 0;
			defaultConfigurationName = Release;
		};
/* End XCConfigurationList section */
	};
	rootObject = C0A00B77256370CB00909EA5 /* Project object */;
}
